
Microsoft Visual Studio Solution File, Format Version 12.00
# Visual Studio Version 16
VisualStudioVersion = 16.0.29613.14
MinimumVisualStudioVersion = 10.0.40219.1
Project("{FAE04EC0-301F-11D3-BF4B-00C04F79EFBC}") = "BolnicaAPI", "BolnicaAPI\BolnicaAPI.csproj", "{5285935A-D612-40C5-BE66-D3DB46EB5F21}"
EndProject
Global
	GlobalSection(SolutionConfigurationPlatforms) = preSolution
		Debug|Any CPU = Debug|Any CPU
		Release|Any CPU = Release|Any CPU
	EndGlobalSection
	GlobalSection(ProjectConfigurationPlatforms) = postSolution
		{5285935A-D612-40C5-BE66-D3DB46EB5F21}.Debug|Any CPU.ActiveCfg = Debug|Any CPU
		{5285935A-D612-40C5-BE66-D3DB46EB5F21}.Debug|Any CPU.Build.0 = Debug|Any CPU
		{5285935A-D612-40C5-BE66-D3DB46EB5F21}.Release|Any CPU.ActiveCfg = Release|Any CPU
		{5285935A-D612-40C5-BE66-D3DB46EB5F21}.Release|Any CPU.Build.0 = Release|Any CPU
	EndGlobalSection
	GlobalSection(SolutionProperties) = preSolution
		HideSolutionNode = FALSE
	EndGlobalSection
	GlobalSection(ExtensibilityGlobals) = postSolution
		SolutionGuid = {19C11A01-CFDA-4D25-B61F-BEA231ED699F}
	EndGlobalSection
EndGlobal
